
Microsoft Visual Studio Solution File, Format Version 12.00
# Visual Studio Version 16
VisualStudioVersion = 16.0.31911.196
MinimumVisualStudioVersion = 10.0.40219.1
Project("{FAE04EC0-301F-11D3-BF4B-00C04F79EFBC}") = "BuscaAPI", "BuscaAPI\BuscaAPI.csproj", "{6B884CED-3C10-4AC4-9FCB-86EBDED03F2F}"
EndProject
Global
	GlobalSection(SolutionConfigurationPlatforms) = preSolution
		Debug|Any CPU = Debug|Any CPU
		Release|Any CPU = Release|Any CPU
	EndGlobalSection
	GlobalSection(ProjectConfigurationPlatforms) = postSolution
		{6B884CED-3C10-4AC4-9FCB-86EBDED03F2F}.Debug|Any CPU.ActiveCfg = Debug|Any CPU
		{6B884CED-3C10-4AC4-9FCB-86EBDED03F2F}.Debug|Any CPU.Build.0 = Debug|Any CPU
		{6B884CED-3C10-4AC4-9FCB-86EBDED03F2F}.Release|Any CPU.ActiveCfg = Release|Any CPU
		{6B884CED-3C10-4AC4-9FCB-86EBDED03F2F}.Release|Any CPU.Build.0 = Release|Any CPU
	EndGlobalSection
	GlobalSection(SolutionProperties) = preSolution
		HideSolutionNode = FALSE
	EndGlobalSection
	GlobalSection(ExtensibilityGlobals) = postSolution
		SolutionGuid = {0AB80AAC-C888-4A87-A645-47AD6DA40478}
	EndGlobalSection
EndGlobal
